
Microsoft Visual Studio Solution File, Format Version 12.00
# Visual Studio 15
VisualStudioVersion = 15.0.27428.2015
MinimumVisualStudioVersion = 10.0.40219.1
Project("{FAE04EC0-301F-11D3-BF4B-00C04F79EFBC}") = "EpubCreator", "EpubCreator\EpubCreator.csproj", "{A82C4C21-E421-44BF-8872-DDC47F0939B8}"
EndProject
Project("{FAE04EC0-301F-11D3-BF4B-00C04F79EFBC}") = "EpubCreatorTest", "EpubCreatorTest\EpubCreatorTest.csproj", "{A7241C10-C8A3-471D-9A6C-556BA945F6DD}"
EndProject
Global
	GlobalSection(SolutionConfigurationPlatforms) = preSolution
		Debug|Any CPU = Debug|Any CPU
		Release|Any CPU = Release|Any CPU
	EndGlobalSection
	GlobalSection(ProjectConfigurationPlatforms) = postSolution
		{A82C4C21-E421-44BF-8872-DDC47F0939B8}.Debug|Any CPU.ActiveCfg = Debug|Any CPU
		{A82C4C21-E421-44BF-8872-DDC47F0939B8}.Debug|Any CPU.Build.0 = Debug|Any CPU
		{A82C4C21-E421-44BF-8872-DDC47F0939B8}.Release|Any CPU.ActiveCfg = Release|Any CPU
		{A82C4C21-E421-44BF-8872-DDC47F0939B8}.Release|Any CPU.Build.0 = Release|Any CPU
		{A7241C10-C8A3-471D-9A6C-556BA945F6DD}.Debug|Any CPU.ActiveCfg = Debug|Any CPU
		{A7241C10-C8A3-471D-9A6C-556BA945F6DD}.Debug|Any CPU.Build.0 = Debug|Any CPU
		{A7241C10-C8A3-471D-9A6C-556BA945F6DD}.Release|Any CPU.ActiveCfg = Release|Any CPU
		{A7241C10-C8A3-471D-9A6C-556BA945F6DD}.Release|Any CPU.Build.0 = Release|Any CPU
	EndGlobalSection
	GlobalSection(SolutionProperties) = preSolution
		HideSolutionNode = FALSE
	EndGlobalSection
	GlobalSection(ExtensibilityGlobals) = postSolution
		SolutionGuid = {C37E4BE5-9A23-4805-91C5-1F0132257E7C}
	EndGlobalSection
EndGlobal
